
Microsoft Visual Studio Solution File, Format Version 12.00
# Visual Studio 15
VisualStudioVersion = 15.0.27428.2043
MinimumVisualStudioVersion = 10.0.40219.1
Project("{FAE04EC0-301F-11D3-BF4B-00C04F79EFBC}") = "COM3D2.NTRlight.Patcher", "COM3D2.NTRlight.Patcher\COM3D2.NTRlight.Patcher.csproj", "{BFCF68D6-FF86-4E7A-93CF-D07458651829}"
EndProject
Global
	GlobalSection(SolutionConfigurationPlatforms) = preSolution
		Debug|Any CPU = Debug|Any CPU
		Release|Any CPU = Release|Any CPU
	EndGlobalSection
	GlobalSection(ProjectConfigurationPlatforms) = postSolution
		{BFCF68D6-FF86-4E7A-93CF-D07458651829}.Debug|Any CPU.ActiveCfg = Debug|Any CPU
		{BFCF68D6-FF86-4E7A-93CF-D07458651829}.Debug|Any CPU.Build.0 = Debug|Any CPU
		{BFCF68D6-FF86-4E7A-93CF-D07458651829}.Release|Any CPU.ActiveCfg = Release|Any CPU
		{BFCF68D6-FF86-4E7A-93CF-D07458651829}.Release|Any CPU.Build.0 = Release|Any CPU
	EndGlobalSection
	GlobalSection(SolutionProperties) = preSolution
		HideSolutionNode = FALSE
	EndGlobalSection
	GlobalSection(ExtensibilityGlobals) = postSolution
		SolutionGuid = {56D11BED-8173-41CA-8D55-1C04CEA83B7D}
	EndGlobalSection
EndGlobal
